
Microsoft Visual Studio Solution File, Format Version 12.00
# Visual Studio Version 17
VisualStudioVersion = 17.0.31903.59
MinimumVisualStudioVersion = 10.0.40219.1
Project("{9A19103F-16F7-4668-BE54-9A1E7A4F7556}") = "VersionSurgeon.Engine", "VersionSurgeon.Engine\VersionSurgeon.Engine.csproj", "{A56F5A38-C0C0-48DA-B66A-C9F02084DD8A}"
EndProject
Project("{9A19103F-16F7-4668-BE54-9A1E7A4F7556}") = "VersionSurgeon.Core", "VersionSurgeon.Core\VersionSurgeon.Core.csproj", "{D32CE89B-702A-4B39-A9CE-CA0847691827}"
EndProject
Project("{9A19103F-16F7-4668-BE54-9A1E7A4F7556}") = "VersionSurgeon.Plugins", "VersionSurgeon.Plugins\VersionSurgeon.Plugins.csproj", "{5A253A53-70A9-47C4-BAD1-820E24C8A4B4}"
EndProject
Project("{9A19103F-16F7-4668-BE54-9A1E7A4F7556}") = "VersionSurgeon.CLI", "VersionSurgeon.CLI\VersionSurgeon.CLI.csproj", "{4AB5C794-C0F2-4323-A838-C10D20572992}"
EndProject
Project("{9A19103F-16F7-4668-BE54-9A1E7A4F7556}") = "VersionSurgeon.Tests", "VersionSurgeon.Tests\VersionSurgeon.Tests.csproj", "{3AC8D3E7-4FB7-480E-84B3-F4A1607A7A3E}"
EndProject
Project("{2150E333-8FDC-42A3-9474-1A3956D46DE8}") = "Solution Items", "Solution Items", "{8BE356A9-C257-4FEF-A8B5-4F32C08298E5}"
	ProjectSection(SolutionItems) = preProject
		CONTRIBUTING.md = CONTRIBUTING.md
		LICENSE = LICENSE
		README.md = README.md
	EndProjectSection
EndProject
Global
	GlobalSection(SolutionConfigurationPlatforms) = preSolution
		Debug|Any CPU = Debug|Any CPU
		Release|Any CPU = Release|Any CPU
	EndGlobalSection
	GlobalSection(ProjectConfigurationPlatforms) = postSolution
		{A56F5A38-C0C0-48DA-B66A-C9F02084DD8A}.Debug|Any CPU.ActiveCfg = Debug|Any CPU
		{A56F5A38-C0C0-48DA-B66A-C9F02084DD8A}.Debug|Any CPU.Build.0 = Debug|Any CPU
		{A56F5A38-C0C0-48DA-B66A-C9F02084DD8A}.Release|Any CPU.ActiveCfg = Release|Any CPU
		{A56F5A38-C0C0-48DA-B66A-C9F02084DD8A}.Release|Any CPU.Build.0 = Release|Any CPU
		{D32CE89B-702A-4B39-A9CE-CA0847691827}.Debug|Any CPU.ActiveCfg = Debug|Any CPU
		{D32CE89B-702A-4B39-A9CE-CA0847691827}.Debug|Any CPU.Build.0 = Debug|Any CPU
		{D32CE89B-702A-4B39-A9CE-CA0847691827}.Release|Any CPU.ActiveCfg = Release|Any CPU
		{D32CE89B-702A-4B39-A9CE-CA0847691827}.Release|Any CPU.Build.0 = Release|Any CPU
		{5A253A53-70A9-47C4-BAD1-820E24C8A4B4}.Debug|Any CPU.ActiveCfg = Debug|Any CPU
		{5A253A53-70A9-47C4-BAD1-820E24C8A4B4}.Debug|Any CPU.Build.0 = Debug|Any CPU
		{5A253A53-70A9-47C4-BAD1-820E24C8A4B4}.Release|Any CPU.ActiveCfg = Release|Any CPU
		{5A253A53-70A9-47C4-BAD1-820E24C8A4B4}.Release|Any CPU.Build.0 = Release|Any CPU
		{4AB5C794-C0F2-4323-A838-C10D20572992}.Debug|Any CPU.ActiveCfg = Debug|Any CPU
		{4AB5C794-C0F2-4323-A838-C10D20572992}.Debug|Any CPU.Build.0 = Debug|Any CPU
		{4AB5C794-C0F2-4323-A838-C10D20572992}.Release|Any CPU.ActiveCfg = Release|Any CPU
		{4AB5C794-C0F2-4323-A838-C10D20572992}.Release|Any CPU.Build.0 = Release|Any CPU
		{3AC8D3E7-4FB7-480E-84B3-F4A1607A7A3E}.Debug|Any CPU.ActiveCfg = Debug|Any CPU
		{3AC8D3E7-4FB7-480E-84B3-F4A1607A7A3E}.Debug|Any CPU.Build.0 = Debug|Any CPU
		{3AC8D3E7-4FB7-480E-84B3-F4A1607A7A3E}.Release|Any CPU.ActiveCfg = Release|Any CPU
		{3AC8D3E7-4FB7-480E-84B3-F4A1607A7A3E}.Release|Any CPU.Build.0 = Release|Any CPU
	EndGlobalSection
	GlobalSection(SolutionProperties) = preSolution
		HideSolutionNode = FALSE
	EndGlobalSection
	GlobalSection(ExtensibilityGlobals) = postSolution
		SolutionGuid = {A560D6F3-33CD-4FC3-8475-38C0F926D3C6}
	EndGlobalSection
EndGlobal
